[[package]]
category = "dev"
description = "Atomic file writes."
marker = "sys_platform == \"win32\""
name = "atomicwrites"
optional = false
python-versions = ">=2.7, !=3.0.*, !=3.1.*, !=3.2.*, !=3.3.*"
version = "1.4.0"

[[package]]
category = "dev"
description = "Classes Without Boilerplate"
name = "attrs"
optional = false
python-versions = ">=2.7, !=3.0.*, !=3.1.*, !=3.2.*, !=3.3.*"
version = "19.3.0"

[package.extras]
azure-pipelines = ["coverage", "hypothesis", "pympler", "pytest (>=4.3.0)", "six", "zope.interface", "pytest-azurepipelines"]
dev = ["coverage", "hypothesis", "pympler", "pytest (>=4.3.0)", "six", "zope.interface", "sphinx", "pre-commit"]
docs = ["sphinx", "zope.interface"]
tests = ["coverage", "hypothesis", "pympler", "pytest (>=4.3.0)", "six", "zope.interface"]

[[package]]
category = "dev"
description = "Cross-platform colored terminal text."
marker = "sys_platform == \"win32\""
name = "colorama"
optional = false
python-versions = ">=2.7, !=3.0.*, !=3.1.*, !=3.2.*, !=3.3.*, !=3.4.*"
version = "0.4.3"

[[package]]
category = "main"
description = "CuPy: NumPy-like API accelerated with CUDA"
name = "cupy-cuda102"
optional = false
python-versions = ">=3.5.0"
version = "7.7.0"

[package.dependencies]
fastrlock = ">=0.3"
numpy = ">=1.9.0"
six = ">=1.9.0"

[package.extras]
appveyor = ["pytest (<4.2.0)", "attrs (<19.2.0)", "mock"]
docs = ["sphinx (3.0.4)", "sphinx-rtd-theme"]
doctest = ["matplotlib"]
jenkins = ["pytest (<4.2.0)", "attrs (<19.2.0)", "mock", "pytest-timeout", "pytest-cov", "coveralls", "codecov"]
setup = ["fastrlock (>=0.3)"]
stylecheck = ["autopep8 (1.4.4)", "flake8 (3.7.9)", "pbr (4.0.4)", "pycodestyle (2.5.0)"]
test = ["pytest (<4.2.0)", "attrs (<19.2.0)", "mock"]
travis = ["autopep8 (1.4.4)", "flake8 (3.7.9)", "pbr (4.0.4)", "pycodestyle (2.5.0)", "sphinx (3.0.4)", "sphinx-rtd-theme"]

[[package]]
category = "main"
description = "Fast, re-entrant optimistic lock implemented in Cython"
name = "fastrlock"
optional = false
python-versions = "*"
version = "0.5"

[[package]]
category = "dev"
description = "iniconfig: brain-dead simple config-ini parsing"
name = "iniconfig"
optional = false
python-versions = "*"
version = "1.0.1"

[[package]]
category = "main"
description = "lightweight wrapper around basic LLVM functionality"
name = "llvmlite"
optional = false
python-versions = ">=3.6"
version = "0.34.0"

[[package]]
category = "dev"
description = "More routines for operating on iterables, beyond itertools"
name = "more-itertools"
optional = false
python-versions = ">=3.5"
version = "8.4.0"

[[package]]
category = "main"
description = "compiling Python code using LLVM"
name = "numba"
optional = false
python-versions = ">=3.6"
version = "0.51.0"

[package.dependencies]
llvmlite = ">=0.34.0.dev0,<0.35"
numpy = ">=1.15"
setuptools = "*"

[[package]]
category = "main"
description = "NumPy is the fundamental package for array computing with Python."
name = "numpy"
optional = false
python-versions = ">=3.6"
version = "1.19.1"

[[package]]
category = "dev"
description = "Core utilities for Python packages"
name = "packaging"
optional = false
python-versions = ">=2.7, !=3.0.*, !=3.1.*, !=3.2.*, !=3.3.*"
version = "20.4"

[package.dependencies]
pyparsing = ">=2.0.2"
six = "*"

[[package]]
category = "dev"
description = "plugin and hook calling mechanisms for python"
name = "pluggy"
optional = false
python-versions = ">=2.7, !=3.0.*, !=3.1.*, !=3.2.*, !=3.3.*"
version = "0.13.1"

[package.extras]
dev = ["pre-commit", "tox"]

[[package]]
category = "dev"
description = "library with cross-python path, ini-parsing, io, code, log facilities"
name = "py"
optional = false
python-versions = ">=2.7, !=3.0.*, !=3.1.*, !=3.2.*, !=3.3.*"
version = "1.9.0"

[[package]]
category = "dev"
description = "Python parsing module"
name = "pyparsing"
optional = false
python-versions = ">=2.6, !=3.0.*, !=3.1.*, !=3.2.*"
version = "2.4.7"

[[package]]
category = "dev"
description = "pytest: simple powerful testing with Python"
name = "pytest"
optional = false
python-versions = ">=3.5"
version = "6.0.1"

[package.dependencies]
atomicwrites = ">=1.0"
attrs = ">=17.4.0"
colorama = "*"
iniconfig = "*"
more-itertools = ">=4.0.0"
packaging = "*"
pluggy = ">=0.12,<1.0"
py = ">=1.8.2"
toml = "*"

[package.extras]
checkqa_mypy = ["mypy (0.780)"]
testing = ["argcomplete", "hypothesis (>=3.56)", "mock", "nose", "requests", "xmlschema"]

[[package]]
category = "main"
description = "Python 2 and 3 compatibility utilities"
name = "six"
optional = false
python-versions = ">=2.7, !=3.0.*, !=3.1.*, !=3.2.*"
version = "1.15.0"

[[package]]
category = "dev"
description = "Python Library for Tom's Obvious, Minimal Language"
name = "toml"
optional = false
python-versions = "*"
version = "0.10.1"

[metadata]
content-hash = "07ccc16b577aa56f5891f74fed3f211109455027a796c94a73645cf93e78f2c9"
lock-version = "1.0"
python-versions = "^3.8"

[metadata.files]
atomicwrites = [
    {file = "atomicwrites-1.4.0-py2.py3-none-any.whl", hash = "sha256:6d1784dea7c0c8d4a5172b6c620f40b6e4cbfdf96d783691f2e1302a7b88e197"},
    {file = "atomicwrites-1.4.0.tar.gz", hash = "sha256:ae70396ad1a434f9c7046fd2dd196fc04b12f9e91ffb859164193be8b6168a7a"},
]
attrs = [
    {file = "attrs-19.3.0-py2.py3-none-any.whl", hash = "sha256:08a96c641c3a74e44eb59afb61a24f2cb9f4d7188748e76ba4bb5edfa3cb7d1c"},
    {file = "attrs-19.3.0.tar.gz", hash = "sha256:f7b7ce16570fe9965acd6d30101a28f62fb4a7f9e926b3bbc9b61f8b04247e72"},
]
colorama = [
    {file = "colorama-0.4.3-py2.py3-none-any.whl", hash = "sha256:7d73d2a99753107a36ac6b455ee49046802e59d9d076ef8e47b61499fa29afff"},
    {file = "colorama-0.4.3.tar.gz", hash = "sha256:e96da0d330793e2cb9485e9ddfd918d456036c7149416295932478192f4436a1"},
]
cupy-cuda102 = [
    {file = "cupy_cuda102-7.7.0-cp35-cp35m-manylinux1_x86_64.whl", hash = "sha256:c6ac4594ec1cdf93dc8c9748c2c2fff42f9b447dcf239adcfed5a66dae33157f"},
    {file = "cupy_cuda102-7.7.0-cp36-cp36m-manylinux1_x86_64.whl", hash = "sha256:6986aafb3d99c0be79c636d88f9554fd6f9ec1d38cf4f39b824bfa202ae57992"},
    {file = "cupy_cuda102-7.7.0-cp36-cp36m-win_amd64.whl", hash = "sha256:707fb83d1b60d57149205475dfe317490499ac2d6b0914879807137daf939b03"},
    {file = "cupy_cuda102-7.7.0-cp37-cp37m-manylinux1_x86_64.whl", hash = "sha256:370d6fe38b85402412fb6af38b9b0fbc7df1ce6dcf8261faef9813b51e4525a9"},
    {file = "cupy_cuda102-7.7.0-cp37-cp37m-win_amd64.whl", hash = "sha256:9c9a0f68353119d805c3c2b2184953f548028f6dbde9b2ad9be4350c396e853d"},
    {file = "cupy_cuda102-7.7.0-cp38-cp38-manylinux1_x86_64.whl", hash = "sha256:e8399aa72254df915991599302977d1e67c2ca05198ced3f6ed4feaa8e432078"},
    {file = "cupy_cuda102-7.7.0-cp38-cp38-win_amd64.whl", hash = "sha256:7a29eae531673aa3d672ab151490b2ce19a2c59f76f184b4e77f25e1a3235bbf"},
]
fastrlock = [
    {file = "fastrlock-0.5-cp27-cp27m-manylinux1_i686.whl", hash = "sha256:d92b85a8f609eea194a54978ccd97a385c6e78fb1ee86ae9dc07f1f50b225d9b"},
    {file = "fastrlock-0.5-cp27-cp27m-manylinux1_x86_64.whl", hash = "sha256:0111bd05a6f7c2a4005b4a847351454b66536d8320295c5505d41c360862b332"},
    {file = "fastrlock-0.5-cp27-cp27m-win32.whl", hash = "sha256:b3bd1522cdf4203baa7822a8bfb441be22c7999456b89a640fcdce374d017649"},
    {file = "fastrlock-0.5-cp27-cp27m-win_amd64.whl", hash = "sha256:d044d85bfc4aa7424507dfb13b600ccc77f9be75b3418801cf27810e836ce0bd"},
    {file = "fastrlock-0.5-cp27-cp27mu-manylinux1_i686.whl", hash = "sha256:67e69f285484f1866ff7d4a61ab120fdda08d21e05c202e50c93c0b70bc4b906"},
    {file = "fastrlock-0.5-cp27-cp27mu-manylinux1_x86_64.whl", hash = "sha256:3439d0e079005cb869f816522438b95023bf435e6851879adebe69cb1ec51801"},
    {file = "fastrlock-0.5-cp34-cp34m-manylinux1_i686.whl", hash = "sha256:bbd11d4ae58ee6b4500f8aea2489b5ea05a8855d3f8101faac20be73e02c67b0"},
    {file = "fastrlock-0.5-cp34-cp34m-manylinux1_x86_64.whl", hash = "sha256:6fc3ac4930e904b67db57677ecebc266b2e1801e362ff6a957c59ae380f146ac"},
    {file = "fastrlock-0.5-cp35-cp35m-manylinux1_i686.whl", hash = "sha256:f4400e572a23d81af9ae60841cf8d282c00b47afca66385ee5e7ce638dcb1bec"},
    {file = "fastrlock-0.5-cp35-cp35m-manylinux1_x86_64.whl", hash = "sha256:a2c4dba6027bef685a4d8762e9f547496b81620103a303270ea7c459bcf7b19c"},
    {file = "fastrlock-0.5-cp35-cp35m-win32.whl", hash = "sha256:70da964f1d4e1d88a9c6b52fad8b8c3f545449691de43fe29c44ff62a0284c70"},
    {file = "fastrlock-0.5-cp35-cp35m-win_amd64.whl", hash = "sha256:3727e814e701a726d0a7390fb7ea37cb706971521f3f26f03382d1611a888734"},
    {file = "fastrlock-0.5-cp36-cp36m-manylinux1_i686.whl", hash = "sha256:a9494ec76848a3fc9499732e23718ec5773adca0588da0e5c865eef7445854a5"},
    {file = "fastrlock-0.5-cp36-cp36m-manylinux1_x86_64.whl", hash = "sha256:79bc2fccafce7a6c43690cf3bfac4c6c76669e138312332a84619587e940d376"},
    {file = "fastrlock-0.5-cp36-cp36m-win32.whl", hash = "sha256:dfafdf719612e06490ebe6c508fd38ab67ea63f69eea80249469e10d2605d583"},
    {file = "fastrlock-0.5-cp36-cp36m-win_amd64.whl", hash = "sha256:5cd0d96c7d7aeb87486d20463ddcb89e25e9cee63f99d1c981b381df724541f0"},
    {file = "fastrlock-0.5-cp37-cp37m-manylinux1_i686.whl", hash = "sha256:a923bc1b3d38d6899a2d3d8800e72df81c3f8d071a57db6f6cdeae22a2d2a7d1"},
    {file = "fastrlock-0.5-cp37-cp37m-manylinux1_x86_64.whl", hash = "sha256:20892428eacedd572fa7fb1333090dc9fbc6b44507e31dc25c1b81f7a8c147d6"},
    {file = "fastrlock-0.5-cp37-cp37m-win32.whl", hash = "sha256:7bafd414b93b016b6501c5a921e30e0aec0f504b080dfeaa37c90a620b2d30a8"},
    {file = "fastrlock-0.5-cp37-cp37m-win_amd64.whl", hash = "sha256:0980c4b158eed24cd28723231bb834a5d22723dd3f11e1303830ce5641713cbb"},
    {file = "fastrlock-0.5-cp38-cp38-manylinux1_i686.whl", hash = "sha256:4e25339c13a424efe6af8db199f0b7af62f3dfb526177a4340b2ddf8a62f9520"},
    {file = "fastrlock-0.5-cp38-cp38-manylinux1_x86_64.whl", hash = "sha256:d643eb3c9df29332d92d93bba803e964ba0c543a5bbb746670e9d94bc43d949a"},
    {file = "fastrlock-0.5-cp38-cp38-win32.whl", hash = "sha256:8a6bfc42e381610abd67eb283c34485ec9cd23ddb436b68cece618ba7ad0c526"},
    {file = "fastrlock-0.5-cp38-cp38-win_amd64.whl", hash = "sha256:39b1e97011dcef282018524823799756deb14b11b8b3f472fe14464693d9e3d3"},
    {file = "fastrlock-0.5.tar.gz", hash = "sha256:9ae1a31f6e069b5f0f28ba63c594d0c952065de0a375f7b491d21ebaccc5166f"},
]
iniconfig = [
    {file = "iniconfig-1.0.1-py3-none-any.whl", hash = "sha256:80cf40c597eb564e86346103f609d74efce0f6b4d4f30ec8ce9e2c26411ba437"},
    {file = "iniconfig-1.0.1.tar.gz", hash = "sha256:e5f92f89355a67de0595932a6c6c02ab4afddc6fcdc0bfc5becd0d60884d3f69"},
]
llvmlite = [
    {file = "llvmlite-0.34.0-cp36-cp36m-macosx_10_9_x86_64.whl", hash = "sha256:11342e5ac320c953590bdd9d0dec8c52f4b5252c4c6335ba25f1e7b9f91f9325"},
    {file = "llvmlite-0.34.0-cp36-cp36m-manylinux2010_i686.whl", hash = "sha256:5bdf0ce430adfaf938ced5844d12f80616eb8321b5b9edfc45ef84ada5c5242c"},
    {file = "llvmlite-0.34.0-cp36-cp36m-manylinux2010_x86_64.whl", hash = "sha256:e08d9d2dc5a31636bfc6b516d2d7daba95632afa3419eb8730dc76a7951e9558"},
    {file = "llvmlite-0.34.0-cp36-cp36m-win32.whl", hash = "sha256:9ff1dcdad03be0cf953aca5fc8cffdca25ccee2ec9e8ec7e95571722cdc02d55"},
    {file = "llvmlite-0.34.0-cp36-cp36m-win_amd64.whl", hash = "sha256:5acdc3c3c7ea0ef7a1a6b442272e05d695bc8492e5b07666135ed1cfbf4ab9d2"},
    {file = "llvmlite-0.34.0-cp37-cp37m-macosx_10_9_x86_64.whl", hash = "sha256:bb96989bc57a1ccb131e7a0e061d07b68139b6f81a98912345d53d9239e231e1"},
    {file = "llvmlite-0.34.0-cp37-cp37m-manylinux2010_i686.whl", hash = "sha256:6d3f81992f52a94077e7b9b16497029daf5b5eebb2cce56f3c8345bbc9c6308e"},
    {file = "llvmlite-0.34.0-cp37-cp37m-manylinux2010_x86_64.whl", hash = "sha256:d841248d1c630426c93e3eb3f8c45bca0dab77c09faeb7553b1a500220e362ce"},
    {file = "llvmlite-0.34.0-cp37-cp37m-win32.whl", hash = "sha256:408b15ffec30696406e821c89da010f1bb1eb0aa572be4561c98eb2536d610ab"},
    {file = "llvmlite-0.34.0-cp37-cp37m-win_amd64.whl", hash = "sha256:5d1f370bf150db7239204f09cf6a0603292ea28bac984e69b167e16fe160d803"},
    {file = "llvmlite-0.34.0-cp38-cp38-macosx_10_9_x86_64.whl", hash = "sha256:132322bc084abf336c80dd106f9357978c8c085911fb656898d3be0d9ff057ea"},
    {file = "llvmlite-0.34.0-cp38-cp38-manylinux2010_i686.whl", hash = "sha256:8f344102745fceba6eb5bf03c228bb290e9bc79157e9506a4a72878d636f9b3c"},
    {file = "llvmlite-0.34.0-cp38-cp38-manylinux2010_x86_64.whl", hash = "sha256:05253f3f44fab0148276335b2c1b2c4a78143dfa78e6bafd7f937d6248f297cc"},
    {file = "llvmlite-0.34.0-cp38-cp38-win32.whl", hash = "sha256:28264f9e2b3df4135cbcfca5a91c5b0b31dd3fc02fa623b4bb13327f0cd4fc80"},
    {file = "llvmlite-0.34.0-cp38-cp38-win_amd64.whl", hash = "sha256:964f8f7a2184963cb3617d057c2382575953e488b7bb061b632ee014cfef110a"},
    {file = "llvmlite-0.34.0.tar.gz", hash = "sha256:f03ee0d19bca8f2fe922bb424a909d05c28411983b0c2bc58b020032a0d11f63"},
]
more-itertools = [
    {file = "more-itertools-8.4.0.tar.gz", hash = "sha256:68c70cc7167bdf5c7c9d8f6954a7837089c6a36bf565383919bb595efb8a17e5"},
    {file = "more_itertools-8.4.0-py3-none-any.whl", hash = "sha256:b78134b2063dd214000685165d81c154522c3ee0a1c0d4d113c80361c234c5a2"},
]
numba = [
    {file = "numba-0.51.0-cp36-cp36m-macosx_10_14_x86_64.whl", hash = "sha256:1affe3d31485a7d92d6871332d7bbee0e0d285efa141b00865ed4ca97b63ea86"},
    {file = "numba-0.51.0-cp36-cp36m-manylinux2014_i686.whl", hash = "sha256:d32fa103be636193e3448095e31f4be3846154ee4e0493c8a38c0fc37bc36d55"},
    {file = "numba-0.51.0-cp36-cp36m-manylinux2014_x86_64.whl", hash = "sha256:39ada7960a7b9318a09dc037d8256a11db23dfbe7b46c54b970481ab7215489a"},
    {file = "numba-0.51.0-cp36-cp36m-win32.whl", hash = "sha256:e622dbcbae54250724fe8a6e229adc5e6ad209a9b80acd64c76f3fec36afcbad"},
    {file = "numba-0.51.0-cp36-cp36m-win_amd64.whl", hash = "sha256:ecd828afab28361a7345951ac535f6056083239c300024d1a0db9d94b6214872"},
    {file = "numba-0.51.0-cp37-cp37m-macosx_10_14_x86_64.whl", hash = "sha256:e384b779b5be597bebd6bd2c42797e8a7847c267c9ceb3e31db8e3b0bc59ea1e"},
    {file = "numba-0.51.0-cp37-cp37m-manylinux2014_i686.whl", hash = "sha256:1bc53cb30eac255413464b2783ef1c727e42055bc24cbb8e3352852d1e2459a8"},
    {file = "numba-0.51.0-cp37-cp37m-manylinux2014_x86_64.whl", hash = "sha256:fe63774d562357498242f30ec0f400b690a328f18c1a76db7359c5ff1176e8e9"},
    {file = "numba-0.51.0-cp37-cp37m-win32.whl", hash = "sha256:6149c7251eb5ded3eef4cdefb5b98d0b34cb4359d1f59add4dfab4a6e2b4cc3f"},
    {file = "numba-0.51.0-cp37-cp37m-win_amd64.whl", hash = "sha256:2c58654477c3d2c908574aa3b4ad1b97be71fe8a80320eafee2c032e71c09d15"},
    {file = "numba-0.51.0-cp38-cp38-macosx_10_14_x86_64.whl", hash = "sha256:38d39c31eadb7e05b62630449bb478d37cf336426ec9b75ed83b760844cf297d"},
    {file = "numba-0.51.0-cp38-cp38-manylinux2014_i686.whl", hash = "sha256:4dd99aa674f448da6a79565ddd139d8f5bec66e6d882c88e88e5263066f2738d"},
    {file = "numba-0.51.0-cp38-cp38-manylinux2014_x86_64.whl", hash = "sha256:95b155f6186533ca55a798fca9175311cedd859bb0a9e87bffd0a554da41ebf0"},
    {file = "numba-0.51.0-cp38-cp38-win32.whl", hash = "sha256:333535322edf2841ef42ff59f396f79ea6ae44a0738ff2cc8c257c8f0e6d32a5"},
    {file = "numba-0.51.0-cp38-cp38-win_amd64.whl", hash = "sha256:1287def88b1d5b04b6fcaec3f78d1d938df9554692f8d7c47dc78335db9976e6"},
    {file = "numba-0.51.0.tar.gz", hash = "sha256:da57ef00bc814bf54446fb3f8c0374557a7476e40279ceabefd9f12b05cc3c0c"},
]
numpy = [
    {file = "numpy-1.19.1-cp36-cp36m-macosx_10_9_x86_64.whl", hash = "sha256:b1cca51512299841bf69add3b75361779962f9cee7d9ee3bb446d5982e925b69"},
    {file = "numpy-1.19.1-cp36-cp36m-manylinux1_i686.whl", hash = "sha256:c9591886fc9cbe5532d5df85cb8e0cc3b44ba8ce4367bd4cf1b93dc19713da72"},
    {file = "numpy-1.19.1-cp36-cp36m-manylinux1_x86_64.whl", hash = "sha256:cf1347450c0b7644ea142712619533553f02ef23f92f781312f6a3553d031fc7"},
    {file = "numpy-1.19.1-cp36-cp36m-manylinux2010_i686.whl", hash = "sha256:ed8a311493cf5480a2ebc597d1e177231984c818a86875126cfd004241a73c3e"},
    {file = "numpy-1.19.1-cp36-cp36m-manylinux2010_x86_64.whl", hash = "sha256:3673c8b2b29077f1b7b3a848794f8e11f401ba0b71c49fbd26fb40b71788b132"},
    {file = "numpy-1.19.1-cp36-cp36m-manylinux2014_aarch64.whl", hash = "sha256:56ef7f56470c24bb67fb43dae442e946a6ce172f97c69f8d067ff8550cf782ff"},
    {file = "numpy-1.19.1-cp36-cp36m-win32.whl", hash = "sha256:aaf42a04b472d12515debc621c31cf16c215e332242e7a9f56403d814c744624"},
    {file = "numpy-1.19.1-cp36-cp36m-win_amd64.whl", hash = "sha256:082f8d4dd69b6b688f64f509b91d482362124986d98dc7dc5f5e9f9b9c3bb983"},
    {file = "numpy-1.19.1-cp37-cp37m-macosx_10_9_x86_64.whl", hash = "sha256:e4f6d3c53911a9d103d8ec9518190e52a8b945bab021745af4939cfc7c0d4a9e"},
    {file = "numpy-1.19.1-cp37-cp37m-manylinux1_i686.whl", hash = "sha256:5b6885c12784a27e957294b60f97e8b5b4174c7504665333c5e94fbf41ae5d6a"},
    {file = "numpy-1.19.1-cp37-cp37m-manylinux1_x86_64.whl", hash = "sha256:1bc0145999e8cb8aed9d4e65dd8b139adf1919e521177f198529687dbf613065"},
    {file = "numpy-1.19.1-cp37-cp37m-manylinux2010_i686.whl", hash = "sha256:5a936fd51049541d86ccdeef2833cc89a18e4d3808fe58a8abeb802665c5af93"},
    {file = "numpy-1.19.1-cp37-cp37m-manylinux2010_x86_64.whl", hash = "sha256:ef71a1d4fd4858596ae80ad1ec76404ad29701f8ca7cdcebc50300178db14dfc"},
    {file = "numpy-1.19.1-cp37-cp37m-manylinux2014_aarch64.whl", hash = "sha256:b9792b0ac0130b277536ab8944e7b754c69560dac0415dd4b2dbd16b902c8954"},
    {file = "numpy-1.19.1-cp37-cp37m-win32.whl", hash = "sha256:b12e639378c741add21fbffd16ba5ad25c0a1a17cf2b6fe4288feeb65144f35b"},
    {file = "numpy-1.19.1-cp37-cp37m-win_amd64.whl", hash = "sha256:8343bf67c72e09cfabfab55ad4a43ce3f6bf6e6ced7acf70f45ded9ebb425055"},
    {file = "numpy-1.19.1-cp38-cp38-macosx_10_9_x86_64.whl", hash = "sha256:e45f8e981a0ab47103181773cc0a54e650b2aef8c7b6cd07405d0fa8d869444a"},
    {file = "numpy-1.19.1-cp38-cp38-manylinux1_i686.whl", hash = "sha256:667c07063940e934287993366ad5f56766bc009017b4a0fe91dbd07960d0aba7"},
    {file = "numpy-1.19.1-cp38-cp38-manylinux1_x86_64.whl", hash = "sha256:480fdd4dbda4dd6b638d3863da3be82873bba6d32d1fc12ea1b8486ac7b8d129"},
    {file = "numpy-1.19.1-cp38-cp38-manylinux2010_i686.whl", hash = "sha256:935c27ae2760c21cd7354402546f6be21d3d0c806fffe967f745d5f2de5005a7"},
    {file = "numpy-1.19.1-cp38-cp38-manylinux2010_x86_64.whl", hash = "sha256:309cbcfaa103fc9a33ec16d2d62569d541b79f828c382556ff072442226d1968"},
    {file = "numpy-1.19.1-cp38-cp38-manylinux2014_aarch64.whl", hash = "sha256:7ed448ff4eaffeb01094959b19cbaf998ecdee9ef9932381420d514e446601cd"},
    {file = "numpy-1.19.1-cp38-cp38-win32.whl", hash = "sha256:de8b4a9b56255797cbddb93281ed92acbc510fb7b15df3f01bd28f46ebc4edae"},
    {file = "numpy-1.19.1-cp38-cp38-win_amd64.whl", hash = "sha256:92feb989b47f83ebef246adabc7ff3b9a59ac30601c3f6819f8913458610bdcc"},
    {file = "numpy-1.19.1-pp36-pypy36_pp73-manylinux2010_x86_64.whl", hash = "sha256:e1b1dc0372f530f26a03578ac75d5e51b3868b9b76cd2facba4c9ee0eb252ab1"},
    {file = "numpy-1.19.1.zip", hash = "sha256:b8456987b637232602ceb4d663cb34106f7eb780e247d51a260b84760fd8f491"},
]
packaging = [
    {file = "packaging-20.4-py2.py3-none-any.whl", hash = "sha256:998416ba6962ae7fbd6596850b80e17859a5753ba17c32284f67bfff33784181"},
    {file = "packaging-20.4.tar.gz", hash = "sha256:4357f74f47b9c12db93624a82154e9b120fa8293699949152b22065d556079f8"},
]
pluggy = [
    {file = "pluggy-0.13.1-py2.py3-none-any.whl", hash = "sha256:966c145cd83c96502c3c3868f50408687b38434af77734af1e9ca461a4081d2d"},
    {file = "pluggy-0.13.1.tar.gz", hash = "sha256:15b2acde666561e1298d71b523007ed7364de07029219b604cf808bfa1c765b0"},
]
py = [
    {file = "py-1.9.0-py2.py3-none-any.whl", hash = "sha256:366389d1db726cd2fcfc79732e75410e5fe4d31db13692115529d34069a043c2"},
    {file = "py-1.9.0.tar.gz", hash = "sha256:9ca6883ce56b4e8da7e79ac18787889fa5206c79dcc67fb065376cd2fe03f342"},
]
pyparsing = [
    {file = "pyparsing-2.4.7-py2.py3-none-any.whl", hash = "sha256:ef9d7589ef3c200abe66653d3f1ab1033c3c419ae9b9bdb1240a85b024efc88b"},
    {file = "pyparsing-2.4.7.tar.gz", hash = "sha256:c203ec8783bf771a155b207279b9bccb8dea02d8f0c9e5f8ead507bc3246ecc1"},
]
pytest = [
    {file = "pytest-6.0.1-py3-none-any.whl", hash = "sha256:8b6007800c53fdacd5a5c192203f4e531eb2a1540ad9c752e052ec0f7143dbad"},
    {file = "pytest-6.0.1.tar.gz", hash = "sha256:85228d75db9f45e06e57ef9bf4429267f81ac7c0d742cc9ed63d09886a9fe6f4"},
]
six = [
    {file = "six-1.15.0-py2.py3-none-any.whl", hash = "sha256:8b74bedcbbbaca38ff6d7491d76f2b06b3592611af620f8426e82dddb04a5ced"},
    {file = "six-1.15.0.tar.gz", hash = "sha256:30639c035cdb23534cd4aa2dd52c3bf48f06e5f4a941509c8bafd8ce11080259"},
]
toml = [
    {file = "toml-0.10.1-py2.py3-none-any.whl", hash = "sha256:bda89d5935c2eac546d648028b9901107a595863cb36bae0c73ac804a9b4ce88"},
    {file = "toml-0.10.1.tar.gz", hash = "sha256:926b612be1e5ce0634a2ca03470f95169cf16f939018233a670519cb4ac58b0f"},
]
